
Microsoft Visual Studio Solution File, Format Version 11.00
# Visual Studio 2010
Project("{FAE04EC0-301F-11D3-BF4B-00C04F79EFBC}") = "Assembly-CSharp", "Assembly-CSharp.csproj", "{174CDD15-AEE6-41B5-EB5E-535B2501481D}"
EndProject
Project("{FAE04EC0-301F-11D3-BF4B-00C04F79EFBC}") = "Assembly-CSharp-firstpass", "Assembly-CSharp-firstpass.csproj", "{4F6D5406-D617-9D83-BEFC-FC1124073996}"
EndProject
Project("{FAE04EC0-301F-11D3-BF4B-00C04F79EFBC}") = "Assembly-CSharp-Editor-firstpass", "Assembly-CSharp-Editor-firstpass.csproj", "{CC7E0C08-050B-7CF3-E654-707B8FB43EE9}"
EndProject
Project("{FAE04EC0-301F-11D3-BF4B-00C04F79EFBC}") = "Assembly-CSharp-Editor", "Assembly-CSharp-Editor.csproj", "{4479AD44-2B5D-706A-4423-D12241AC8B96}"
EndProject
Global
	GlobalSection(SolutionConfigurationPlatforms) = preSolution
		Debug|Any CPU = Debug|Any CPU
		Release|Any CPU = Release|Any CPU
	EndGlobalSection
	GlobalSection(ProjectConfigurationPlatforms) = postSolution
		{174CDD15-AEE6-41B5-EB5E-535B2501481D}.Debug|Any CPU.ActiveCfg = Debug|Any CPU
		{174CDD15-AEE6-41B5-EB5E-535B2501481D}.Debug|Any CPU.Build.0 = Debug|Any CPU
		{174CDD15-AEE6-41B5-EB5E-535B2501481D}.Release|Any CPU.ActiveCfg = Release|Any CPU
		{174CDD15-AEE6-41B5-EB5E-535B2501481D}.Release|Any CPU.Build.0 = Release|Any CPU
		{4F6D5406-D617-9D83-BEFC-FC1124073996}.Debug|Any CPU.ActiveCfg = Debug|Any CPU
		{4F6D5406-D617-9D83-BEFC-FC1124073996}.Debug|Any CPU.Build.0 = Debug|Any CPU
		{4F6D5406-D617-9D83-BEFC-FC1124073996}.Release|Any CPU.ActiveCfg = Release|Any CPU
		{4F6D5406-D617-9D83-BEFC-FC1124073996}.Release|Any CPU.Build.0 = Release|Any CPU
		{CC7E0C08-050B-7CF3-E654-707B8FB43EE9}.Debug|Any CPU.ActiveCfg = Debug|Any CPU
		{CC7E0C08-050B-7CF3-E654-707B8FB43EE9}.Debug|Any CPU.Build.0 = Debug|Any CPU
		{CC7E0C08-050B-7CF3-E654-707B8FB43EE9}.Release|Any CPU.ActiveCfg = Release|Any CPU
		{CC7E0C08-050B-7CF3-E654-707B8FB43EE9}.Release|Any CPU.Build.0 = Release|Any CPU
		{4479AD44-2B5D-706A-4423-D12241AC8B96}.Debug|Any CPU.ActiveCfg = Debug|Any CPU
		{4479AD44-2B5D-706A-4423-D12241AC8B96}.Debug|Any CPU.Build.0 = Debug|Any CPU
		{4479AD44-2B5D-706A-4423-D12241AC8B96}.Release|Any CPU.ActiveCfg = Release|Any CPU
		{4479AD44-2B5D-706A-4423-D12241AC8B96}.Release|Any CPU.Build.0 = Release|Any CPU
	EndGlobalSection
	GlobalSection(SolutionProperties) = preSolution
		HideSolutionNode = FALSE
	EndGlobalSection
	GlobalSection(MonoDevelopProperties) = preSolution
		StartupItem = Assembly-CSharp.csproj
	EndGlobalSection
EndGlobal
