
Microsoft Visual Studio Solution File, Format Version 12.00
# Visual Studio 15
Project("{FAE04EC0-301F-11D3-BF4B-00C04F79EFBC}") = "Assembly-CSharp", "Assembly-CSharp.csproj", "{DD345A1C-2B5E-5167-4F1D-5540010F04DA}"
EndProject
Project("{FAE04EC0-301F-11D3-BF4B-00C04F79EFBC}") = "Assembly-CSharp-firstpass", "Assembly-CSharp-firstpass.csproj", "{29CE68C3-84B3-3951-EA97-7C545F61F39B}"
EndProject
Project("{FAE04EC0-301F-11D3-BF4B-00C04F79EFBC}") = "Assembly-CSharp-Editor-firstpass", "Assembly-CSharp-Editor-firstpass.csproj", "{0C54AC7A-6FEE-E48C-2DD9-B30FCF8158D5}"
EndProject
Project("{FAE04EC0-301F-11D3-BF4B-00C04F79EFBC}") = "Assembly-CSharp-Editor", "Assembly-CSharp-Editor.csproj", "{C76B71C9-EC08-74B2-CC18-5C2EE87DE000}"
EndProject
Global
	GlobalSection(SolutionConfigurationPlatforms) = preSolution
		Debug|Any CPU = Debug|Any CPU
		Release|Any CPU = Release|Any CPU
	EndGlobalSection
	GlobalSection(ProjectConfigurationPlatforms) = postSolution
		{DD345A1C-2B5E-5167-4F1D-5540010F04DA}.Debug|Any CPU.ActiveCfg = Debug|Any CPU
		{DD345A1C-2B5E-5167-4F1D-5540010F04DA}.Debug|Any CPU.Build.0 = Debug|Any CPU
		{DD345A1C-2B5E-5167-4F1D-5540010F04DA}.Release|Any CPU.ActiveCfg = Release|Any CPU
		{DD345A1C-2B5E-5167-4F1D-5540010F04DA}.Release|Any CPU.Build.0 = Release|Any CPU
		{29CE68C3-84B3-3951-EA97-7C545F61F39B}.Debug|Any CPU.ActiveCfg = Debug|Any CPU
		{29CE68C3-84B3-3951-EA97-7C545F61F39B}.Debug|Any CPU.Build.0 = Debug|Any CPU
		{29CE68C3-84B3-3951-EA97-7C545F61F39B}.Release|Any CPU.ActiveCfg = Release|Any CPU
		{29CE68C3-84B3-3951-EA97-7C545F61F39B}.Release|Any CPU.Build.0 = Release|Any CPU
		{0C54AC7A-6FEE-E48C-2DD9-B30FCF8158D5}.Debug|Any CPU.ActiveCfg = Debug|Any CPU
		{0C54AC7A-6FEE-E48C-2DD9-B30FCF8158D5}.Debug|Any CPU.Build.0 = Debug|Any CPU
		{0C54AC7A-6FEE-E48C-2DD9-B30FCF8158D5}.Release|Any CPU.ActiveCfg = Release|Any CPU
		{0C54AC7A-6FEE-E48C-2DD9-B30FCF8158D5}.Release|Any CPU.Build.0 = Release|Any CPU
		{C76B71C9-EC08-74B2-CC18-5C2EE87DE000}.Debug|Any CPU.ActiveCfg = Debug|Any CPU
		{C76B71C9-EC08-74B2-CC18-5C2EE87DE000}.Debug|Any CPU.Build.0 = Debug|Any CPU
		{C76B71C9-EC08-74B2-CC18-5C2EE87DE000}.Release|Any CPU.ActiveCfg = Release|Any CPU
		{C76B71C9-EC08-74B2-CC18-5C2EE87DE000}.Release|Any CPU.Build.0 = Release|Any CPU
	EndGlobalSection
	GlobalSection(SolutionProperties) = preSolution
		HideSolutionNode = FALSE
	EndGlobalSection
EndGlobal
